
Microsoft Visual Studio Solution File, Format Version 12.00
# Visual Studio Version 17
VisualStudioVersion = 17.8.34525.116
MinimumVisualStudioVersion = 10.0.40219.1
Project("{9A19103F-16F7-4668-BE54-9A1E7A4F7556}") = "A3Police_241028", "A3Police_241028\A3Police_241028.csproj", "{24929DF3-8574-4B3D-BB27-4DA7371EF4D0}"
EndProject
Project("{9A19103F-16F7-4668-BE54-9A1E7A4F7556}") = "web", "..\..\..\Desktop\.net core6作業\web\web\web.csproj", "{F837133F-5B70-4898-A5AE-5CA7F2A74640}"
EndProject
Project("{9A19103F-16F7-4668-BE54-9A1E7A4F7556}") = "Guardians", "..\..\..\Desktop\.net core6作業\Guardians\Guardians\Guardians.csproj", "{59767177-F7CD-4B6D-94AB-ED18ED8B22B5}"
EndProject
Global
	GlobalSection(SolutionConfigurationPlatforms) = preSolution
		Debug|Any CPU = Debug|Any CPU
		Release|Any CPU = Release|Any CPU
	EndGlobalSection
	GlobalSection(ProjectConfigurationPlatforms) = postSolution
		{24929DF3-8574-4B3D-BB27-4DA7371EF4D0}.Debug|Any CPU.ActiveCfg = Debug|Any CPU
		{24929DF3-8574-4B3D-BB27-4DA7371EF4D0}.Debug|Any CPU.Build.0 = Debug|Any CPU
		{24929DF3-8574-4B3D-BB27-4DA7371EF4D0}.Release|Any CPU.ActiveCfg = Release|Any CPU
		{24929DF3-8574-4B3D-BB27-4DA7371EF4D0}.Release|Any CPU.Build.0 = Release|Any CPU
		{F837133F-5B70-4898-A5AE-5CA7F2A74640}.Debug|Any CPU.ActiveCfg = Debug|Any CPU
		{F837133F-5B70-4898-A5AE-5CA7F2A74640}.Debug|Any CPU.Build.0 = Debug|Any CPU
		{F837133F-5B70-4898-A5AE-5CA7F2A74640}.Release|Any CPU.ActiveCfg = Release|Any CPU
		{F837133F-5B70-4898-A5AE-5CA7F2A74640}.Release|Any CPU.Build.0 = Release|Any CPU
		{59767177-F7CD-4B6D-94AB-ED18ED8B22B5}.Debug|Any CPU.ActiveCfg = Debug|Any CPU
		{59767177-F7CD-4B6D-94AB-ED18ED8B22B5}.Debug|Any CPU.Build.0 = Debug|Any CPU
		{59767177-F7CD-4B6D-94AB-ED18ED8B22B5}.Release|Any CPU.ActiveCfg = Release|Any CPU
		{59767177-F7CD-4B6D-94AB-ED18ED8B22B5}.Release|Any CPU.Build.0 = Release|Any CPU
	EndGlobalSection
	GlobalSection(SolutionProperties) = preSolution
		HideSolutionNode = FALSE
	EndGlobalSection
	GlobalSection(ExtensibilityGlobals) = postSolution
		SolutionGuid = {AF9F34CB-A272-421F-8ACF-B0632CA9EAAE}
	EndGlobalSection
EndGlobal
